
Microsoft Visual Studio Solution File, Format Version 12.00
# Visual Studio 2012
Project("{FAE04EC0-301F-11D3-BF4B-00C04F79EFBC}") = "P2PClient", "P2PClient\P2PClient.csproj", "{1BFC6E07-6119-4575-93C1-4C956C8EA97C}"
EndProject
Project("{FAE04EC0-301F-11D3-BF4B-00C04F79EFBC}") = "P2PServer", "P2PServer\P2PServer.csproj", "{7C65243F-AFFE-4E48-A824-6A4BB20C5C81}"
EndProject
Global
	GlobalSection(SolutionConfigurationPlatforms) = preSolution
		Debug|Any CPU = Debug|Any CPU
		Release|Any CPU = Release|Any CPU
	EndGlobalSection
	GlobalSection(ProjectConfigurationPlatforms) = postSolution
		{1BFC6E07-6119-4575-93C1-4C956C8EA97C}.Debug|Any CPU.ActiveCfg = Debug|Any CPU
		{1BFC6E07-6119-4575-93C1-4C956C8EA97C}.Debug|Any CPU.Build.0 = Debug|Any CPU
		{1BFC6E07-6119-4575-93C1-4C956C8EA97C}.Release|Any CPU.ActiveCfg = Release|Any CPU
		{1BFC6E07-6119-4575-93C1-4C956C8EA97C}.Release|Any CPU.Build.0 = Release|Any CPU
		{7C65243F-AFFE-4E48-A824-6A4BB20C5C81}.Debug|Any CPU.ActiveCfg = Debug|Any CPU
		{7C65243F-AFFE-4E48-A824-6A4BB20C5C81}.Debug|Any CPU.Build.0 = Debug|Any CPU
		{7C65243F-AFFE-4E48-A824-6A4BB20C5C81}.Release|Any CPU.ActiveCfg = Release|Any CPU
		{7C65243F-AFFE-4E48-A824-6A4BB20C5C81}.Release|Any CPU.Build.0 = Release|Any CPU
	EndGlobalSection
	GlobalSection(SolutionProperties) = preSolution
		HideSolutionNode = FALSE
	EndGlobalSection
EndGlobal
