
Microsoft Visual Studio Solution File, Format Version 12.00
# Visual Studio 2012
Project("{FAE04EC0-301F-11D3-BF4B-00C04F79EFBC}") = "P2P.Client", "Client\P2P.Client.csproj", "{CBC8339B-028C-4F5A-B172-36381F369F64}"
EndProject
Project("{FAE04EC0-301F-11D3-BF4B-00C04F79EFBC}") = "P2P.Server", "Server\P2P.Server.csproj", "{9A6F3EDC-7CEE-4C81-BE82-CC96EE189806}"
EndProject
Project("{FAE04EC0-301F-11D3-BF4B-00C04F79EFBC}") = "P2P.WellKnown", "P2P.WellKnown\P2P.WellKnown.csproj", "{68D0118E-461C-496F-83B6-D20169C64F0D}"
EndProject
Global
	GlobalSection(SolutionConfigurationPlatforms) = preSolution
		Debug|Any CPU = Debug|Any CPU
		Release|Any CPU = Release|Any CPU
	EndGlobalSection
	GlobalSection(ProjectConfigurationPlatforms) = postSolution
		{CBC8339B-028C-4F5A-B172-36381F369F64}.Debug|Any CPU.ActiveCfg = Debug|Any CPU
		{CBC8339B-028C-4F5A-B172-36381F369F64}.Debug|Any CPU.Build.0 = Debug|Any CPU
		{CBC8339B-028C-4F5A-B172-36381F369F64}.Release|Any CPU.ActiveCfg = Release|Any CPU
		{CBC8339B-028C-4F5A-B172-36381F369F64}.Release|Any CPU.Build.0 = Release|Any CPU
		{9A6F3EDC-7CEE-4C81-BE82-CC96EE189806}.Debug|Any CPU.ActiveCfg = Debug|Any CPU
		{9A6F3EDC-7CEE-4C81-BE82-CC96EE189806}.Debug|Any CPU.Build.0 = Debug|Any CPU
		{9A6F3EDC-7CEE-4C81-BE82-CC96EE189806}.Release|Any CPU.ActiveCfg = Release|Any CPU
		{9A6F3EDC-7CEE-4C81-BE82-CC96EE189806}.Release|Any CPU.Build.0 = Release|Any CPU
		{68D0118E-461C-496F-83B6-D20169C64F0D}.Debug|Any CPU.ActiveCfg = Debug|Any CPU
		{68D0118E-461C-496F-83B6-D20169C64F0D}.Debug|Any CPU.Build.0 = Debug|Any CPU
		{68D0118E-461C-496F-83B6-D20169C64F0D}.Release|Any CPU.ActiveCfg = Release|Any CPU
		{68D0118E-461C-496F-83B6-D20169C64F0D}.Release|Any CPU.Build.0 = Release|Any CPU
	EndGlobalSection
	GlobalSection(SolutionProperties) = preSolution
		HideSolutionNode = FALSE
	EndGlobalSection
EndGlobal
