
Microsoft Visual Studio Solution File, Format Version 11.00
# Visual Studio 2010
Project("{FAE04EC0-301F-11D3-BF4B-00C04F79EFBC}") = "s", "s\s.csproj", "{79F0F116-D028-41AF-80BE-6E80A603B9A1}"
EndProject
Global
	GlobalSection(SolutionConfigurationPlatforms) = preSolution
		Debug|x86 = Debug|x86
		Release|x86 = Release|x86
	EndGlobalSection
	GlobalSection(ProjectConfigurationPlatforms) = postSolution
		{79F0F116-D028-41AF-80BE-6E80A603B9A1}.Debug|x86.ActiveCfg = Debug|x86
		{79F0F116-D028-41AF-80BE-6E80A603B9A1}.Debug|x86.Build.0 = Debug|x86
		{79F0F116-D028-41AF-80BE-6E80A603B9A1}.Release|x86.ActiveCfg = Release|x86
		{79F0F116-D028-41AF-80BE-6E80A603B9A1}.Release|x86.Build.0 = Release|x86
	EndGlobalSection
	GlobalSection(SolutionProperties) = preSolution
		HideSolutionNode = FALSE
	EndGlobalSection
EndGlobal
